
Microsoft Visual Studio Solution File, Format Version 10.00
# Visual Studio 2008
Project("{FAE04EC0-301F-11D3-BF4B-00C04F79EFBC}") = "TheGHOSTWiiIsoPrep", "TheGHOSTWiiIsoPrep.csproj", "{CAEFBD22-522E-41D9-9AF3-BBC296F66569}"
EndProject
Global
	GlobalSection(SolutionConfigurationPlatforms) = preSolution
		Debug|Any CPU = Debug|Any CPU
		Release|Any CPU = Release|Any CPU
	EndGlobalSection
	GlobalSection(ProjectConfigurationPlatforms) = postSolution
		{CAEFBD22-522E-41D9-9AF3-BBC296F66569}.Debug|Any CPU.ActiveCfg = Debug|Any CPU
		{CAEFBD22-522E-41D9-9AF3-BBC296F66569}.Debug|Any CPU.Build.0 = Debug|Any CPU
		{CAEFBD22-522E-41D9-9AF3-BBC296F66569}.Release|Any CPU.ActiveCfg = Release|Any CPU
		{CAEFBD22-522E-41D9-9AF3-BBC296F66569}.Release|Any CPU.Build.0 = Release|Any CPU
	EndGlobalSection
	GlobalSection(SolutionProperties) = preSolution
		HideSolutionNode = FALSE
	EndGlobalSection
EndGlobal
